// !$*UTF8*$!
{
	archiveVersion = 1;
	classes = {
	};
	objectVersion = 52;
	objects = {

/* Begin PBXBuildFile section */
		DC9CEADE24E9958C00F84720 /* testFailureUserVM.swift in Sources */ = {isa = PBXBuildFile; fileRef = DC9CEADD24E9958C00F84720 /* testFailureUserVM.swift */; };
		DC9CEAE024E9970100F84720 /* testSuccussProfileVM.swift in Sources */ = {isa = PBXBuildFile; fileRef = DC9CEADF24E9970100F84720 /* testSuccussProfileVM.swift */; };
		DC9CEAE224E9971600F84720 /* testFailureProfileVM.swift in Sources */ = {isa = PBXBuildFile; fileRef = DC9CEAE124E9971600F84720 /* testFailureProfileVM.swift */; };
		DCA2EE0524E5AE3A00C51E54 /* API.swift in Sources */ = {isa = PBXBuildFile; fileRef = DCA2EE0424E5AE3A00C51E54 /* API.swift */; };
		DCA2EE0824E5D6D600C51E54 /* SwiftJWT in Frameworks */ = {isa = PBXBuildFile; productRef = DCA2EE0724E5D6D600C51E54 /* SwiftJWT */; };
		DCA2EE0B24E699F600C51E54 /* Alamofire in Frameworks */ = {isa = PBXBuildFile; productRef = DCA2EE0A24E699F600C51E54 /* Alamofire */; };
		DCA2EE0D24E69A0800C51E54 /* JWTCreator.swift in Sources */ = {isa = PBXBuildFile; fileRef = DCA2EE0C24E69A0800C51E54 /* JWTCreator.swift */; };
		DCA2EE1124E6D42000C51E54 /* DataRequest+Codable.swift in Sources */ = {isa = PBXBuildFile; fileRef = DCA2EE0F24E6D42000C51E54 /* DataRequest+Codable.swift */; };
		DCA2EE1424E6EF2C00C51E54 /* ProfileView.swift in Sources */ = {isa = PBXBuildFile; fileRef = DCA2EE1324E6EF2C00C51E54 /* ProfileView.swift */; };
		DCA2EE1824E6F04600C51E54 /* ProfileViewModel.swift in Sources */ = {isa = PBXBuildFile; fileRef = DCA2EE1724E6F04600C51E54 /* ProfileViewModel.swift */; };
		DCAD9AFA24E98DCD006D728B /* SuccussMockAPI.swift in Sources */ = {isa = PBXBuildFile; fileRef = DCAD9AF924E98DCD006D728B /* SuccussMockAPI.swift */; };
		DCAD9AFC24E98E07006D728B /* FailureMockAPI.swift in Sources */ = {isa = PBXBuildFile; fileRef = DCAD9AFB24E98E07006D728B /* FailureMockAPI.swift */; };
		DCAD9AFD24E991B7006D728B /* UsersViewModel.swift in Sources */ = {isa = PBXBuildFile; fileRef = DCF4878524E5A74A00AC39FB /* UsersViewModel.swift */; };
		DCAD9AFE24E991DB006D728B /* ProfileViewModel.swift in Sources */ = {isa = PBXBuildFile; fileRef = DCA2EE1724E6F04600C51E54 /* ProfileViewModel.swift */; };
		DCF4876424E5A67F00AC39FB /* AppDelegate.swift in Sources */ = {isa = PBXBuildFile; fileRef = DCF4876324E5A67F00AC39FB /* AppDelegate.swift */; };
		DCF4876624E5A67F00AC39FB /* SceneDelegate.swift in Sources */ = {isa = PBXBuildFile; fileRef = DCF4876524E5A67F00AC39FB /* SceneDelegate.swift */; };
		DCF4876824E5A67F00AC39FB /* UsersView.swift in Sources */ = {isa = PBXBuildFile; fileRef = DCF4876724E5A67F00AC39FB /* UsersView.swift */; };
		DCF4876A24E5A68100AC39FB /* Assets.xcassets in Resources */ = {isa = PBXBuildFile; fileRef = DCF4876924E5A68100AC39FB /* Assets.xcassets */; };
		DCF4876D24E5A68100AC39FB /* Preview Assets.xcassets in Resources */ = {isa = PBXBuildFile; fileRef = DCF4876C24E5A68100AC39FB /* Preview Assets.xcassets */; };
		DCF4877024E5A68100AC39FB /* LaunchScreen.storyboard in Resources */ = {isa = PBXBuildFile; fileRef = DCF4876E24E5A68100AC39FB /* LaunchScreen.storyboard */; };
		DCF4877B24E5A68100AC39FB /* testSuccussUserVM.swift in Sources */ = {isa = PBXBuildFile; fileRef = DCF4877A24E5A68100AC39FB /* testSuccussUserVM.swift */; };
		DCF4878624E5A74A00AC39FB /* UsersViewModel.swift in Sources */ = {isa = PBXBuildFile; fileRef = DCF4878524E5A74A00AC39FB /* UsersViewModel.swift */; };
		DCF4878824E5A86A00AC39FB /* User.swift in Sources */ = {isa = PBXBuildFile; fileRef = DCF4878724E5A86A00AC39FB /* User.swift */; };
		DCF4878E24E5AB7400AC39FB /* RowView.swift in Sources */ = {isa = PBXBuildFile; fileRef = DCF4878D24E5AB7400AC39FB /* RowView.swift */; };
		DCFBA0A624E72EF400BDD21F /* User.swift in Sources */ = {isa = PBXBuildFile; fileRef = DCF4878724E5A86A00AC39FB /* User.swift */; };
		DCFBA0A824E72F0E00BDD21F /* APIProtocol.swift in Sources */ = {isa = PBXBuildFile; fileRef = DCFBA0A724E72F0E00BDD21F /* APIProtocol.swift */; };
		DCFBA0AA24E731D300BDD21F /* APIProtocol.swift in Sources */ = {isa = PBXBuildFile; fileRef = DCFBA0A724E72F0E00BDD21F /* APIProtocol.swift */; };
		DCFBA0AF24E7E8D000BDD21F /* APIInterceptor.swift in Sources */ = {isa = PBXBuildFile; fileRef = DCFBA0AE24E7E8D000BDD21F /* APIInterceptor.swift */; };
		DCFBA0B224E95A1100BDD21F /* Localizable.strings in Resources */ = {isa = PBXBuildFile; fileRef = DCFBA0B424E95A1100BDD21F /* Localizable.strings */; };
		DCFBA0B724E95ACD00BDD21F /* Localizable.swift in Sources */ = {isa = PBXBuildFile; fileRef = DCFBA0B624E95ACD00BDD21F /* Localizable.swift */; };
/* End PBXBuildFile section */

/* Begin PBXContainerItemProxy section */
		DCF4877724E5A68100AC39FB /* PBXContainerItemProxy */ = {
			isa = PBXContainerItemProxy;
			containerPortal = DCF4875824E5A67F00AC39FB /* Project object */;
			proxyType = 1;
			remoteGlobalIDString = DCF4875F24E5A67F00AC39FB;
			remoteInfo = testApp;
		};
/* End PBXContainerItemProxy section */

/* Begin PBXFileReference section */
		DC9CEADD24E9958C00F84720 /* testFailureUserVM.swift */ = {isa = PBXFileReference; lastKnownFileType = sourcecode.swift; path = testFailureUserVM.swift; sourceTree = "<group>"; };
		DC9CEADF24E9970100F84720 /* testSuccussProfileVM.swift */ = {isa = PBXFileReference; lastKnownFileType = sourcecode.swift; path = testSuccussProfileVM.swift; sourceTree = "<group>"; };
		DC9CEAE124E9971600F84720 /* testFailureProfileVM.swift */ = {isa = PBXFileReference; lastKnownFileType = sourcecode.swift; path = testFailureProfileVM.swift; sourceTree = "<group>"; };
		DCA2EE0424E5AE3A00C51E54 /* API.swift */ = {isa = PBXFileReference; lastKnownFileType = sourcecode.swift; path = API.swift; sourceTree = "<group>"; };
		DCA2EE0C24E69A0800C51E54 /* JWTCreator.swift */ = {isa = PBXFileReference; lastKnownFileType = sourcecode.swift; path = JWTCreator.swift; sourceTree = "<group>"; };
		DCA2EE0F24E6D42000C51E54 /* DataRequest+Codable.swift */ = {isa = PBXFileReference; fileEncoding = 4; lastKnownFileType = sourcecode.swift; path = "DataRequest+Codable.swift"; sourceTree = "<group>"; };
		DCA2EE1324E6EF2C00C51E54 /* ProfileView.swift */ = {isa = PBXFileReference; lastKnownFileType = sourcecode.swift; path = ProfileView.swift; sourceTree = "<group>"; };
		DCA2EE1724E6F04600C51E54 /* ProfileViewModel.swift */ = {isa = PBXFileReference; lastKnownFileType = sourcecode.swift; path = ProfileViewModel.swift; sourceTree = "<group>"; };
		DCAD9AF924E98DCD006D728B /* SuccussMockAPI.swift */ = {isa = PBXFileReference; lastKnownFileType = sourcecode.swift; path = SuccussMockAPI.swift; sourceTree = "<group>"; };
		DCAD9AFB24E98E07006D728B /* FailureMockAPI.swift */ = {isa = PBXFileReference; lastKnownFileType = sourcecode.swift; path = FailureMockAPI.swift; sourceTree = "<group>"; };
		DCF4876024E5A67F00AC39FB /* testApp.app */ = {isa = PBXFileReference; explicitFileType = wrapper.application; includeInIndex = 0; path = testApp.app; sourceTree = BUILT_PRODUCTS_DIR; };
		DCF4876324E5A67F00AC39FB /* AppDelegate.swift */ = {isa = PBXFileReference; lastKnownFileType = sourcecode.swift; path = AppDelegate.swift; sourceTree = "<group>"; };
		DCF4876524E5A67F00AC39FB /* SceneDelegate.swift */ = {isa = PBXFileReference; lastKnownFileType = sourcecode.swift; path = SceneDelegate.swift; sourceTree = "<group>"; };
		DCF4876724E5A67F00AC39FB /* UsersView.swift */ = {isa = PBXFileReference; lastKnownFileType = sourcecode.swift; path = UsersView.swift; sourceTree = "<group>"; };
		DCF4876924E5A68100AC39FB /* Assets.xcassets */ = {isa = PBXFileReference; lastKnownFileType = folder.assetcatalog; path = Assets.xcassets; sourceTree = "<group>"; };
		DCF4876C24E5A68100AC39FB /* Preview Assets.xcassets */ = {isa = PBXFileReference; lastKnownFileType = folder.assetcatalog; path = "Preview Assets.xcassets"; sourceTree = "<group>"; };
		DCF4876F24E5A68100AC39FB /* Base */ = {isa = PBXFileReference; lastKnownFileType = file.storyboard; name = Base; path = Base.lproj/LaunchScreen.storyboard; sourceTree = "<group>"; };
		DCF4877124E5A68100AC39FB /* Info.plist */ = {isa = PBXFileReference; lastKnownFileType = text.plist.xml; path = Info.plist; sourceTree = "<group>"; };
		DCF4877624E5A68100AC39FB /* testAppTests.xctest */ = {isa = PBXFileReference; explicitFileType = wrapper.cfbundle; includeInIndex = 0; path = testAppTests.xctest; sourceTree = BUILT_PRODUCTS_DIR; };
		DCF4877A24E5A68100AC39FB /* testSuccussUserVM.swift */ = {isa = PBXFileReference; lastKnownFileType = sourcecode.swift; path = testSuccussUserVM.swift; sourceTree = "<group>"; };
		DCF4877C24E5A68100AC39FB /* Info.plist */ = {isa = PBXFileReference; lastKnownFileType = text.plist.xml; path = Info.plist; sourceTree = "<group>"; };
		DCF4878524E5A74A00AC39FB /* UsersViewModel.swift */ = {isa = PBXFileReference; lastKnownFileType = sourcecode.swift; path = UsersViewModel.swift; sourceTree = "<group>"; };
		DCF4878724E5A86A00AC39FB /* User.swift */ = {isa = PBXFileReference; lastKnownFileType = sourcecode.swift; path = User.swift; sourceTree = "<group>"; };
		DCF4878D24E5AB7400AC39FB /* RowView.swift */ = {isa = PBXFileReference; lastKnownFileType = sourcecode.swift; path = RowView.swift; sourceTree = "<group>"; };
		DCFBA0A724E72F0E00BDD21F /* APIProtocol.swift */ = {isa = PBXFileReference; lastKnownFileType = sourcecode.swift; path = APIProtocol.swift; sourceTree = "<group>"; };
		DCFBA0AE24E7E8D000BDD21F /* APIInterceptor.swift */ = {isa = PBXFileReference; lastKnownFileType = sourcecode.swift; path = APIInterceptor.swift; sourceTree = "<group>"; };
		DCFBA0B324E95A1100BDD21F /* en */ = {isa = PBXFileReference; lastKnownFileType = text.plist.strings; name = en; path = en.lproj/Localizable.strings; sourceTree = "<group>"; };
		DCFBA0B624E95ACD00BDD21F /* Localizable.swift */ = {isa = PBXFileReference; lastKnownFileType = sourcecode.swift; path = Localizable.swift; sourceTree = "<group>"; };
/* End PBXFileReference section */

/* Begin PBXFrameworksBuildPhase section */
		DCF4875D24E5A67F00AC39FB /* Frameworks */ = {
			isa = PBXFrameworksBuildPhase;
			buildActionMask = 2147483647;
			files = (
				DCA2EE0824E5D6D600C51E54 /* SwiftJWT in Frameworks */,
				DCA2EE0B24E699F600C51E54 /* Alamofire in Frameworks */,
			);
			runOnlyForDeploymentPostprocessing = 0;
		};
		DCF4877324E5A68100AC39FB /* Frameworks */ = {
			isa = PBXFrameworksBuildPhase;
			buildActionMask = 2147483647;
			files = (
			);
			runOnlyForDeploymentPostprocessing = 0;
		};
/* End PBXFrameworksBuildPhase section */

/* Begin PBXGroup section */
		DCA2EE0324E5ADC100C51E54 /* API */ = {
			isa = PBXGroup;
			children = (
				DCFBA0A924E7316A00BDD21F /* Base */,
				DCA2EE0424E5AE3A00C51E54 /* API.swift */,
				DCA2EE0C24E69A0800C51E54 /* JWTCreator.swift */,
				DCFBA0A724E72F0E00BDD21F /* APIProtocol.swift */,
				DCFBA0AE24E7E8D000BDD21F /* APIInterceptor.swift */,
			);
			path = API;
			sourceTree = "<group>";
		};
		DCA2EE1924E6F1FE00C51E54 /* Row */ = {
			isa = PBXGroup;
			children = (
				DCF4878D24E5AB7400AC39FB /* RowView.swift */,
			);
			path = Row;
			sourceTree = "<group>";
		};
		DCA2EE1A24E6F20300C51E54 /* Profile */ = {
			isa = PBXGroup;
			children = (
				DCA2EE1324E6EF2C00C51E54 /* ProfileView.swift */,
				DCA2EE1724E6F04600C51E54 /* ProfileViewModel.swift */,
			);
			path = Profile;
			sourceTree = "<group>";
		};
		DCF4875724E5A67F00AC39FB = {
			isa = PBXGroup;
			children = (
				DCF4876224E5A67F00AC39FB /* testApp */,
				DCF4877924E5A68100AC39FB /* testAppTests */,
				DCF4876124E5A67F00AC39FB /* Products */,
			);
			sourceTree = "<group>";
		};
		DCF4876124E5A67F00AC39FB /* Products */ = {
			isa = PBXGroup;
			children = (
				DCF4876024E5A67F00AC39FB /* testApp.app */,
				DCF4877624E5A68100AC39FB /* testAppTests.xctest */,
			);
			name = Products;
			sourceTree = "<group>";
		};
		DCF4876224E5A67F00AC39FB /* testApp */ = {
			isa = PBXGroup;
			children = (
				DCFBA0B824E9641C00BDD21F /* Screens */,
				DCF4878A24E5A8E500AC39FB /* Main */,
				DCF4878924E5A8DC00AC39FB /* Model */,
				DCA2EE0324E5ADC100C51E54 /* API */,
				DCFBA0B524E95A3200BDD21F /* Extensions */,
				DCF4878C24E5A8FC00AC39FB /* SupportingFiles */,
				DCF4876B24E5A68100AC39FB /* Preview Content */,
			);
			path = testApp;
			sourceTree = "<group>";
		};
		DCF4876B24E5A68100AC39FB /* Preview Content */ = {
			isa = PBXGroup;
			children = (
				DCF4876C24E5A68100AC39FB /* Preview Assets.xcassets */,
			);
			path = "Preview Content";
			sourceTree = "<group>";
		};
		DCF4877924E5A68100AC39FB /* testAppTests */ = {
			isa = PBXGroup;
			children = (
				DCF4877A24E5A68100AC39FB /* testSuccussUserVM.swift */,
				DC9CEADD24E9958C00F84720 /* testFailureUserVM.swift */,
				DC9CEADF24E9970100F84720 /* testSuccussProfileVM.swift */,
				DC9CEAE124E9971600F84720 /* testFailureProfileVM.swift */,
				DCAD9AF924E98DCD006D728B /* SuccussMockAPI.swift */,
				DCAD9AFB24E98E07006D728B /* FailureMockAPI.swift */,
				DCF4877C24E5A68100AC39FB /* Info.plist */,
			);
			path = testAppTests;
			sourceTree = "<group>";
		};
		DCF4878924E5A8DC00AC39FB /* Model */ = {
			isa = PBXGroup;
			children = (
				DCF4878724E5A86A00AC39FB /* User.swift */,
			);
			path = Model;
			sourceTree = "<group>";
		};
		DCF4878A24E5A8E500AC39FB /* Main */ = {
			isa = PBXGroup;
			children = (
				DCF4876324E5A67F00AC39FB /* AppDelegate.swift */,
				DCF4876524E5A67F00AC39FB /* SceneDelegate.swift */,
			);
			path = Main;
			sourceTree = "<group>";
		};
		DCF4878C24E5A8FC00AC39FB /* SupportingFiles */ = {
			isa = PBXGroup;
			children = (
				DCF4876924E5A68100AC39FB /* Assets.xcassets */,
				DCF4876E24E5A68100AC39FB /* LaunchScreen.storyboard */,
				DCF4877124E5A68100AC39FB /* Info.plist */,
				DCFBA0B424E95A1100BDD21F /* Localizable.strings */,
			);
			path = SupportingFiles;
			sourceTree = "<group>";
		};
		DCFBA0A924E7316A00BDD21F /* Base */ = {
			isa = PBXGroup;
			children = (
				DCA2EE0F24E6D42000C51E54 /* DataRequest+Codable.swift */,
			);
			path = Base;
			sourceTree = "<group>";
		};
		DCFBA0AB24E731E100BDD21F /* Users */ = {
			isa = PBXGroup;
			children = (
				DCF4876724E5A67F00AC39FB /* UsersView.swift */,
				DCF4878524E5A74A00AC39FB /* UsersViewModel.swift */,
			);
			path = Users;
			sourceTree = "<group>";
		};
		DCFBA0B524E95A3200BDD21F /* Extensions */ = {
			isa = PBXGroup;
			children = (
				DCFBA0B624E95ACD00BDD21F /* Localizable.swift */,
			);
			path = Extensions;
			sourceTree = "<group>";
		};
		DCFBA0B824E9641C00BDD21F /* Screens */ = {
			isa = PBXGroup;
			children = (
				DCFBA0AB24E731E100BDD21F /* Users */,
				DCA2EE1A24E6F20300C51E54 /* Profile */,
				DCA2EE1924E6F1FE00C51E54 /* Row */,
			);
			path = Screens;
			sourceTree = "<group>";
		};
/* End PBXGroup section */

/* Begin PBXNativeTarget section */
		DCF4875F24E5A67F00AC39FB /* testApp */ = {
			isa = PBXNativeTarget;
			buildConfigurationList = DCF4877F24E5A68100AC39FB /* Build configuration list for PBXNativeTarget "testApp" */;
			buildPhases = (
				DCF4875C24E5A67F00AC39FB /* Sources */,
				DCF4875D24E5A67F00AC39FB /* Frameworks */,
				DCF4875E24E5A67F00AC39FB /* Resources */,
			);
			buildRules = (
			);
			dependencies = (
			);
			name = testApp;
			packageProductDependencies = (
				DCA2EE0724E5D6D600C51E54 /* SwiftJWT */,
				DCA2EE0A24E699F600C51E54 /* Alamofire */,
			);
			productName = testApp;
			productReference = DCF4876024E5A67F00AC39FB /* testApp.app */;
			productType = "com.apple.product-type.application";
		};
		DCF4877524E5A68100AC39FB /* testAppTests */ = {
			isa = PBXNativeTarget;
			buildConfigurationList = DCF4878224E5A68100AC39FB /* Build configuration list for PBXNativeTarget "testAppTests" */;
			buildPhases = (
				DCF4877224E5A68100AC39FB /* Sources */,
				DCF4877324E5A68100AC39FB /* Frameworks */,
				DCF4877424E5A68100AC39FB /* Resources */,
			);
			buildRules = (
			);
			dependencies = (
				DCF4877824E5A68100AC39FB /* PBXTargetDependency */,
			);
			name = testAppTests;
			productName = testAppTests;
			productReference = DCF4877624E5A68100AC39FB /* testAppTests.xctest */;
			productType = "com.apple.product-type.bundle.unit-test";
		};
/* End PBXNativeTarget section */

/* Begin PBXProject section */
		DCF4875824E5A67F00AC39FB /* Project object */ = {
			isa = PBXProject;
			attributes = {
				LastSwiftUpdateCheck = 1160;
				LastUpgradeCheck = 1160;
				TargetAttributes = {
					DCF4875F24E5A67F00AC39FB = {
						CreatedOnToolsVersion = 11.6;
					};
					DCF4877524E5A68100AC39FB = {
						CreatedOnToolsVersion = 11.6;
						TestTargetID = DCF4875F24E5A67F00AC39FB;
					};
				};
			};
			buildConfigurationList = DCF4875B24E5A67F00AC39FB /* Build configuration list for PBXProject "testApp" */;
			compatibilityVersion = "Xcode 9.3";
			developmentRegion = en;
			hasScannedForEncodings = 0;
			knownRegions = (
				en,
				Base,
			);
			mainGroup = DCF4875724E5A67F00AC39FB;
			packageReferences = (
				DCA2EE0624E5D6D600C51E54 /* XCRemoteSwiftPackageReference "Swift-JWT" */,
				DCA2EE0924E699F600C51E54 /* XCRemoteSwiftPackageReference "Alamofire" */,
			);
			productRefGroup = DCF4876124E5A67F00AC39FB /* Products */;
			projectDirPath = "";
			projectRoot = "";
			targets = (
				DCF4875F24E5A67F00AC39FB /* testApp */,
				DCF4877524E5A68100AC39FB /* testAppTests */,
			);
		};
/* End PBXProject section */

/* Begin PBXResourcesBuildPhase section */
		DCF4875E24E5A67F00AC39FB /* Resources */ = {
			isa = PBXResourcesBuildPhase;
			buildActionMask = 2147483647;
			files = (
				DCF4877024E5A68100AC39FB /* LaunchScreen.storyboard in Resources */,
				DCFBA0B224E95A1100BDD21F /* Localizable.strings in Resources */,
				DCF4876D24E5A68100AC39FB /* Preview Assets.xcassets in Resources */,
				DCF4876A24E5A68100AC39FB /* Assets.xcassets in Resources */,
			);
			runOnlyForDeploymentPostprocessing = 0;
		};
		DCF4877424E5A68100AC39FB /* Resources */ = {
			isa = PBXResourcesBuildPhase;
			buildActionMask = 2147483647;
			files = (
			);
			runOnlyForDeploymentPostprocessing = 0;
		};
/* End PBXResourcesBuildPhase section */

/* Begin PBXSourcesBuildPhase section */
		DCF4875C24E5A67F00AC39FB /* Sources */ = {
			isa = PBXSourcesBuildPhase;
			buildActionMask = 2147483647;
			files = (
				DCA2EE0D24E69A0800C51E54 /* JWTCreator.swift in Sources */,
				DCF4878624E5A74A00AC39FB /* UsersViewModel.swift in Sources */,
				DCF4878E24E5AB7400AC39FB /* RowView.swift in Sources */,
				DCF4876424E5A67F00AC39FB /* AppDelegate.swift in Sources */,
				DCF4876624E5A67F00AC39FB /* SceneDelegate.swift in Sources */,
				DCA2EE1424E6EF2C00C51E54 /* ProfileView.swift in Sources */,
				DCF4878824E5A86A00AC39FB /* User.swift in Sources */,
				DCFBA0AF24E7E8D000BDD21F /* APIInterceptor.swift in Sources */,
				DCFBA0A824E72F0E00BDD21F /* APIProtocol.swift in Sources */,
				DCA2EE1124E6D42000C51E54 /* DataRequest+Codable.swift in Sources */,
				DCF4876824E5A67F00AC39FB /* UsersView.swift in Sources */,
				DCA2EE1824E6F04600C51E54 /* ProfileViewModel.swift in Sources */,
				DCFBA0B724E95ACD00BDD21F /* Localizable.swift in Sources */,
				DCA2EE0524E5AE3A00C51E54 /* API.swift in Sources */,
			);
			runOnlyForDeploymentPostprocessing = 0;
		};
		DCF4877224E5A68100AC39FB /* Sources */ = {
			isa = PBXSourcesBuildPhase;
			buildActionMask = 2147483647;
			files = (
				DC9CEAE024E9970100F84720 /* testSuccussProfileVM.swift in Sources */,
				DC9CEAE224E9971600F84720 /* testFailureProfileVM.swift in Sources */,
				DCAD9AFA24E98DCD006D728B /* SuccussMockAPI.swift in Sources */,
				DCAD9AFD24E991B7006D728B /* UsersViewModel.swift in Sources */,
				DCF4877B24E5A68100AC39FB /* testSuccussUserVM.swift in Sources */,
				DCAD9AFC24E98E07006D728B /* FailureMockAPI.swift in Sources */,
				DC9CEADE24E9958C00F84720 /* testFailureUserVM.swift in Sources */,
				DCFBA0AA24E731D300BDD21F /* APIProtocol.swift in Sources */,
				DCFBA0A624E72EF400BDD21F /* User.swift in Sources */,
				DCAD9AFE24E991DB006D728B /* ProfileViewModel.swift in Sources */,
			);
			runOnlyForDeploymentPostprocessing = 0;
		};
/* End PBXSourcesBuildPhase section */

/* Begin PBXTargetDependency section */
		DCF4877824E5A68100AC39FB /* PBXTargetDependency */ = {
			isa = PBXTargetDependency;
			target = DCF4875F24E5A67F00AC39FB /* testApp */;
			targetProxy = DCF4877724E5A68100AC39FB /* PBXContainerItemProxy */;
		};
/* End PBXTargetDependency section */

/* Begin PBXVariantGroup section */
		DCF4876E24E5A68100AC39FB /* LaunchScreen.storyboard */ = {
			isa = PBXVariantGroup;
			children = (
				DCF4876F24E5A68100AC39FB /* Base */,
			);
			name = LaunchScreen.storyboard;
			sourceTree = "<group>";
		};
		DCFBA0B424E95A1100BDD21F /* Localizable.strings */ = {
			isa = PBXVariantGroup;
			children = (
				DCFBA0B324E95A1100BDD21F /* en */,
			);
			name = Localizable.strings;
			sourceTree = "<group>";
		};
/* End PBXVariantGroup section */

/* Begin XCBuildConfiguration section */
		DCF4877D24E5A68100AC39FB /* Debug */ = {
			isa = XCBuildConfiguration;
			buildSettings = {
				ALWAYS_SEARCH_USER_PATHS = NO;
				CLANG_ANALYZER_NONNULL = YES;
				CLANG_ANALYZER_NUMBER_OBJECT_CONVERSION = YES_AGGRESSIVE;
				CLANG_CXX_LANGUAGE_STANDARD = "gnu++14";
				CLANG_CXX_LIBRARY = "libc++";
				CLANG_ENABLE_MODULES = YES;
				CLANG_ENABLE_OBJC_ARC = YES;
				CLANG_ENABLE_OBJC_WEAK = YES;
				CLANG_WARN_BLOCK_CAPTURE_AUTORELEASING = YES;
				CLANG_WARN_BOOL_CONVERSION = YES;
				CLANG_WARN_COMMA = YES;
				CLANG_WARN_CONSTANT_CONVERSION = YES;
				CLANG_WARN_DEPRECATED_OBJC_IMPLEMENTATIONS = YES;
				CLANG_WARN_DIRECT_OBJC_ISA_USAGE = YES_ERROR;
				CLANG_WARN_DOCUMENTATION_COMMENTS = YES;
				CLANG_WARN_EMPTY_BODY = YES;
				CLANG_WARN_ENUM_CONVERSION = YES;
				CLANG_WARN_INFINITE_RECURSION = YES;
				CLANG_WARN_INT_CONVERSION = YES;
				CLANG_WARN_NON_LITERAL_NULL_CONVERSION = YES;
				CLANG_WARN_OBJC_IMPLICIT_RETAIN_SELF = YES;
				CLANG_WARN_OBJC_LITERAL_CONVERSION = YES;
				CLANG_WARN_OBJC_ROOT_CLASS = YES_ERROR;
				CLANG_WARN_RANGE_LOOP_ANALYSIS = YES;
				CLANG_WARN_STRICT_PROTOTYPES = YES;
				CLANG_WARN_SUSPICIOUS_MOVE = YES;
				CLANG_WARN_UNGUARDED_AVAILABILITY = YES_AGGRESSIVE;
				CLANG_WARN_UNREACHABLE_CODE = YES;
				CLANG_WARN__DUPLICATE_METHOD_MATCH = YES;
				COPY_PHASE_STRIP = NO;
				DEBUG_INFORMATION_FORMAT = dwarf;
				ENABLE_STRICT_OBJC_MSGSEND = YES;
				ENABLE_TESTABILITY = YES;
				GCC_C_LANGUAGE_STANDARD = gnu11;
				GCC_DYNAMIC_NO_PIC = NO;
				GCC_NO_COMMON_BLOCKS = YES;
				GCC_OPTIMIZATION_LEVEL = 0;
				GCC_PREPROCESSOR_DEFINITIONS = (
					"DEBUG=1",
					"$(inherited)",
				);
				GCC_WARN_64_TO_32_BIT_CONVERSION = YES;
				GCC_WARN_ABOUT_RETURN_TYPE = YES_ERROR;
				GCC_WARN_UNDECLARED_SELECTOR = YES;
				GCC_WARN_UNINITIALIZED_AUTOS = YES_AGGRESSIVE;
				GCC_WARN_UNUSED_FUNCTION = YES;
				GCC_WARN_UNUSED_VARIABLE = YES;
				IPHONEOS_DEPLOYMENT_TARGET = 13.6;
				MTL_ENABLE_DEBUG_INFO = INCLUDE_SOURCE;
				MTL_FAST_MATH = YES;
				ONLY_ACTIVE_ARCH = YES;
				SDKROOT = iphoneos;
				SWIFT_ACTIVE_COMPILATION_CONDITIONS = DEBUG;
				SWIFT_OPTIMIZATION_LEVEL = "-Onone";
			};
			name = Debug;
		};
		DCF4877E24E5A68100AC39FB /* Release */ = {
			isa = XCBuildConfiguration;
			buildSettings = {
				ALWAYS_SEARCH_USER_PATHS = NO;
				CLANG_ANALYZER_NONNULL = YES;
				CLANG_ANALYZER_NUMBER_OBJECT_CONVERSION = YES_AGGRESSIVE;
				CLANG_CXX_LANGUAGE_STANDARD = "gnu++14";
				CLANG_CXX_LIBRARY = "libc++";
				CLANG_ENABLE_MODULES = YES;
				CLANG_ENABLE_OBJC_ARC = YES;
				CLANG_ENABLE_OBJC_WEAK = YES;
				CLANG_WARN_BLOCK_CAPTURE_AUTORELEASING = YES;
				CLANG_WARN_BOOL_CONVERSION = YES;
				CLANG_WARN_COMMA = YES;
				CLANG_WARN_CONSTANT_CONVERSION = YES;
				CLANG_WARN_DEPRECATED_OBJC_IMPLEMENTATIONS = YES;
				CLANG_WARN_DIRECT_OBJC_ISA_USAGE = YES_ERROR;
				CLANG_WARN_DOCUMENTATION_COMMENTS = YES;
				CLANG_WARN_EMPTY_BODY = YES;
				CLANG_WARN_ENUM_CONVERSION = YES;
				CLANG_WARN_INFINITE_RECURSION = YES;
				CLANG_WARN_INT_CONVERSION = YES;
				CLANG_WARN_NON_LITERAL_NULL_CONVERSION = YES;
				CLANG_WARN_OBJC_IMPLICIT_RETAIN_SELF = YES;
				CLANG_WARN_OBJC_LITERAL_CONVERSION = YES;
				CLANG_WARN_OBJC_ROOT_CLASS = YES_ERROR;
				CLANG_WARN_RANGE_LOOP_ANALYSIS = YES;
				CLANG_WARN_STRICT_PROTOTYPES = YES;
				CLANG_WARN_SUSPICIOUS_MOVE = YES;
				CLANG_WARN_UNGUARDED_AVAILABILITY = YES_AGGRESSIVE;
				CLANG_WARN_UNREACHABLE_CODE = YES;
				CLANG_WARN__DUPLICATE_METHOD_MATCH = YES;
				COPY_PHASE_STRIP = NO;
				DEBUG_INFORMATION_FORMAT = "dwarf-with-dsym";
				ENABLE_NS_ASSERTIONS = NO;
				ENABLE_STRICT_OBJC_MSGSEND = YES;
				GCC_C_LANGUAGE_STANDARD = gnu11;
				GCC_NO_COMMON_BLOCKS = YES;
				GCC_WARN_64_TO_32_BIT_CONVERSION = YES;
				GCC_WARN_ABOUT_RETURN_TYPE = YES_ERROR;
				GCC_WARN_UNDECLARED_SELECTOR = YES;
				GCC_WARN_UNINITIALIZED_AUTOS = YES_AGGRESSIVE;
				GCC_WARN_UNUSED_FUNCTION = YES;
				GCC_WARN_UNUSED_VARIABLE = YES;
				IPHONEOS_DEPLOYMENT_TARGET = 13.6;
				MTL_ENABLE_DEBUG_INFO = NO;
				MTL_FAST_MATH = YES;
				SDKROOT = iphoneos;
				SWIFT_COMPILATION_MODE = wholemodule;
				SWIFT_OPTIMIZATION_LEVEL = "-O";
				VALIDATE_PRODUCT = YES;
			};
			name = Release;
		};
		DCF4878024E5A68100AC39FB /* Debug */ = {
			isa = XCBuildConfiguration;
			buildSettings = {
				ASSETCATALOG_COMPILER_APPICON_NAME = AppIcon;
				CODE_SIGN_STYLE = Automatic;
				DEVELOPMENT_ASSET_PATHS = "\"testApp/Preview Content\"";
				DEVELOPMENT_TEAM = SWXVWAU9H9;
				ENABLE_PREVIEWS = YES;
				INFOPLIST_FILE = testApp/SupportingFiles/Info.plist;
				LD_RUNPATH_SEARCH_PATHS = (
					"$(inherited)",
					"@executable_path/Frameworks",
				);
				PRODUCT_BUNDLE_IDENTIFIER = com.starGo.testApp;
				PRODUCT_NAME = "$(TARGET_NAME)";
				SWIFT_VERSION = 5.0;
				TARGETED_DEVICE_FAMILY = "1,2";
			};
			name = Debug;
		};
		DCF4878124E5A68100AC39FB /* Release */ = {
			isa = XCBuildConfiguration;
			buildSettings = {
				ASSETCATALOG_COMPILER_APPICON_NAME = AppIcon;
				CODE_SIGN_STYLE = Automatic;
				DEVELOPMENT_ASSET_PATHS = "\"testApp/Preview Content\"";
				DEVELOPMENT_TEAM = SWXVWAU9H9;
				ENABLE_PREVIEWS = YES;
				INFOPLIST_FILE = testApp/SupportingFiles/Info.plist;
				LD_RUNPATH_SEARCH_PATHS = (
					"$(inherited)",
					"@executable_path/Frameworks",
				);
				PRODUCT_BUNDLE_IDENTIFIER = com.starGo.testApp;
				PRODUCT_NAME = "$(TARGET_NAME)";
				SWIFT_VERSION = 5.0;
				TARGETED_DEVICE_FAMILY = "1,2";
			};
			name = Release;
		};
		DCF4878324E5A68100AC39FB /* Debug */ = {
			isa = XCBuildConfiguration;
			buildSettings = {
				ALWAYS_EMBED_SWIFT_STANDARD_LIBRARIES = YES;
				BUNDLE_LOADER = "$(TEST_HOST)";
				CODE_SIGN_STYLE = Automatic;
				DEVELOPMENT_TEAM = SWXVWAU9H9;
				INFOPLIST_FILE = testAppTests/Info.plist;
				IPHONEOS_DEPLOYMENT_TARGET = 13.6;
				LD_RUNPATH_SEARCH_PATHS = (
					"$(inherited)",
					"@executable_path/Frameworks",
					"@loader_path/Frameworks",
				);
				PRODUCT_BUNDLE_IDENTIFIER = com.starGo.testAppTests;
				PRODUCT_NAME = "$(TARGET_NAME)";
				SWIFT_VERSION = 5.0;
				TARGETED_DEVICE_FAMILY = "1,2";
				TEST_HOST = "$(BUILT_PRODUCTS_DIR)/testApp.app/testApp";
			};
			name = Debug;
		};
		DCF4878424E5A68100AC39FB /* Release */ = {
			isa = XCBuildConfiguration;
			buildSettings = {
				ALWAYS_EMBED_SWIFT_STANDARD_LIBRARIES = YES;
				BUNDLE_LOADER = "$(TEST_HOST)";
				CODE_SIGN_STYLE = Automatic;
				DEVELOPMENT_TEAM = SWXVWAU9H9;
				INFOPLIST_FILE = testAppTests/Info.plist;
				IPHONEOS_DEPLOYMENT_TARGET = 13.6;
				LD_RUNPATH_SEARCH_PATHS = (
					"$(inherited)",
					"@executable_path/Frameworks",
					"@loader_path/Frameworks",
				);
				PRODUCT_BUNDLE_IDENTIFIER = com.starGo.testAppTests;
				PRODUCT_NAME = "$(TARGET_NAME)";
				SWIFT_VERSION = 5.0;
				TARGETED_DEVICE_FAMILY = "1,2";
				TEST_HOST = "$(BUILT_PRODUCTS_DIR)/testApp.app/testApp";
			};
			name = Release;
		};
/* End XCBuildConfiguration section */

/* Begin XCConfigurationList section */
		DCF4875B24E5A67F00AC39FB /* Build configuration list for PBXProject "testApp" */ = {
			isa = XCConfigurationList;
			buildConfigurations = (
				DCF4877D24E5A68100AC39FB /* Debug */,
				DCF4877E24E5A68100AC39FB /* Release */,
			);
			defaultConfigurationIsVisible = 0;
			defaultConfigurationName = Release;
		};
		DCF4877F24E5A68100AC39FB /* Build configuration list for PBXNativeTarget "testApp" */ = {
			isa = XCConfigurationList;
			buildConfigurations = (
				DCF4878024E5A68100AC39FB /* Debug */,
				DCF4878124E5A68100AC39FB /* Release */,
			);
			defaultConfigurationIsVisible = 0;
			defaultConfigurationName = Release;
		};
		DCF4878224E5A68100AC39FB /* Build configuration list for PBXNativeTarget "testAppTests" */ = {
			isa = XCConfigurationList;
			buildConfigurations = (
				DCF4878324E5A68100AC39FB /* Debug */,
				DCF4878424E5A68100AC39FB /* Release */,
			);
			defaultConfigurationIsVisible = 0;
			defaultConfigurationName = Release;
		};
/* End XCConfigurationList section */

/* Begin XCRemoteSwiftPackageReference section */
		DCA2EE0624E5D6D600C51E54 /* XCRemoteSwiftPackageReference "Swift-JWT" */ = {
			isa = XCRemoteSwiftPackageReference;
			repositoryURL = "https://github.com/IBM-Swift/Swift-JWT";
			requirement = {
				kind = upToNextMajorVersion;
				minimumVersion = 3.6.1;
			};
		};
		DCA2EE0924E699F600C51E54 /* XCRemoteSwiftPackageReference "Alamofire" */ = {
			isa = XCRemoteSwiftPackageReference;
			repositoryURL = "https://github.com/Alamofire/Alamofire";
			requirement = {
				kind = upToNextMajorVersion;
				minimumVersion = 5.2.2;
			};
		};
/* End XCRemoteSwiftPackageReference section */

/* Begin XCSwiftPackageProductDependency section */
		DCA2EE0724E5D6D600C51E54 /* SwiftJWT */ = {
			isa = XCSwiftPackageProductDependency;
			package = DCA2EE0624E5D6D600C51E54 /* XCRemoteSwiftPackageReference "Swift-JWT" */;
			productName = SwiftJWT;
		};
		DCA2EE0A24E699F600C51E54 /* Alamofire */ = {
			isa = XCSwiftPackageProductDependency;
			package = DCA2EE0924E699F600C51E54 /* XCRemoteSwiftPackageReference "Alamofire" */;
			productName = Alamofire;
		};
/* End XCSwiftPackageProductDependency section */
	};
	rootObject = DCF4875824E5A67F00AC39FB /* Project object */;
}
